
Microsoft Visual Studio Solution File, Format Version 12.00
# Visual Studio Version 17
VisualStudioVersion = 17.2.32210.308
MinimumVisualStudioVersion = 10.0.40219.1
Project("{9A19103F-16F7-4668-BE54-9A1E7A4F7556}") = "WorkerService", "WorkerService\WorkerService.csproj", "{1F7B425C-81FF-447D-B54E-265638B4A2B0}"
EndProject
Project("{9A19103F-16F7-4668-BE54-9A1E7A4F7556}") = "WebAPi", "WebAPi\WebAPi.csproj", "{059EF93F-807A-43F1-AF0E-14EF5BBBBC4F}"
EndProject
Project("{9A19103F-16F7-4668-BE54-9A1E7A4F7556}") = "SharedLibrary", "SharedLibrary\SharedLibrary.csproj", "{E3CD93F5-0CF0-4C05-8792-D447AB4006E5}"
EndProject
Project("{9A19103F-16F7-4668-BE54-9A1E7A4F7556}") = "BlazorServer", "BlazorServer\BlazorServer.csproj", "{ADAB978B-D580-4BAD-AEA0-A0B76A196496}"
EndProject
Project("{2150E333-8FDC-42A3-9474-1A3956D46DE8}") = "Infrastructure", "Infrastructure", "{24925479-2E27-4186-80D5-5C37E1E74C9A}"
EndProject
Project("{9A19103F-16F7-4668-BE54-9A1E7A4F7556}") = "LogDatabase", "Infrastructure\LogDatabase\LogDatabase.csproj", "{7C6A9E2D-6633-427B-8A50-1499FE89158B}"
EndProject
Project("{9A19103F-16F7-4668-BE54-9A1E7A4F7556}") = "ApplicationDatabase", "Infrastructure\ApplicationDatabase\ApplicationDatabase.csproj", "{D6440931-E09A-4990-8C39-53E47E17FCDC}"
EndProject
Global
	GlobalSection(SolutionConfigurationPlatforms) = preSolution
		Debug|Any CPU = Debug|Any CPU
		Debug|x64 = Debug|x64
		Debug|x86 = Debug|x86
		Release|Any CPU = Release|Any CPU
		Release|x64 = Release|x64
		Release|x86 = Release|x86
	EndGlobalSection
	GlobalSection(ProjectConfigurationPlatforms) = postSolution
		{1F7B425C-81FF-447D-B54E-265638B4A2B0}.Debug|Any CPU.ActiveCfg = Debug|Any CPU
		{1F7B425C-81FF-447D-B54E-265638B4A2B0}.Debug|Any CPU.Build.0 = Debug|Any CPU
		{1F7B425C-81FF-447D-B54E-265638B4A2B0}.Debug|x64.ActiveCfg = Debug|Any CPU
		{1F7B425C-81FF-447D-B54E-265638B4A2B0}.Debug|x64.Build.0 = Debug|Any CPU
		{1F7B425C-81FF-447D-B54E-265638B4A2B0}.Debug|x86.ActiveCfg = Debug|Any CPU
		{1F7B425C-81FF-447D-B54E-265638B4A2B0}.Debug|x86.Build.0 = Debug|Any CPU
		{1F7B425C-81FF-447D-B54E-265638B4A2B0}.Release|Any CPU.ActiveCfg = Release|Any CPU
		{1F7B425C-81FF-447D-B54E-265638B4A2B0}.Release|Any CPU.Build.0 = Release|Any CPU
		{1F7B425C-81FF-447D-B54E-265638B4A2B0}.Release|x64.ActiveCfg = Release|Any CPU
		{1F7B425C-81FF-447D-B54E-265638B4A2B0}.Release|x64.Build.0 = Release|Any CPU
		{1F7B425C-81FF-447D-B54E-265638B4A2B0}.Release|x86.ActiveCfg = Release|Any CPU
		{1F7B425C-81FF-447D-B54E-265638B4A2B0}.Release|x86.Build.0 = Release|Any CPU
		{059EF93F-807A-43F1-AF0E-14EF5BBBBC4F}.Debug|Any CPU.ActiveCfg = Debug|Any CPU
		{059EF93F-807A-43F1-AF0E-14EF5BBBBC4F}.Debug|Any CPU.Build.0 = Debug|Any CPU
		{059EF93F-807A-43F1-AF0E-14EF5BBBBC4F}.Debug|x64.ActiveCfg = Debug|Any CPU
		{059EF93F-807A-43F1-AF0E-14EF5BBBBC4F}.Debug|x64.Build.0 = Debug|Any CPU
		{059EF93F-807A-43F1-AF0E-14EF5BBBBC4F}.Debug|x86.ActiveCfg = Debug|Any CPU
		{059EF93F-807A-43F1-AF0E-14EF5BBBBC4F}.Debug|x86.Build.0 = Debug|Any CPU
		{059EF93F-807A-43F1-AF0E-14EF5BBBBC4F}.Release|Any CPU.ActiveCfg = Release|Any CPU
		{059EF93F-807A-43F1-AF0E-14EF5BBBBC4F}.Release|Any CPU.Build.0 = Release|Any CPU
		{059EF93F-807A-43F1-AF0E-14EF5BBBBC4F}.Release|x64.ActiveCfg = Release|Any CPU
		{059EF93F-807A-43F1-AF0E-14EF5BBBBC4F}.Release|x64.Build.0 = Release|Any CPU
		{059EF93F-807A-43F1-AF0E-14EF5BBBBC4F}.Release|x86.ActiveCfg = Release|Any CPU
		{059EF93F-807A-43F1-AF0E-14EF5BBBBC4F}.Release|x86.Build.0 = Release|Any CPU
		{E3CD93F5-0CF0-4C05-8792-D447AB4006E5}.Debug|Any CPU.ActiveCfg = Debug|Any CPU
		{E3CD93F5-0CF0-4C05-8792-D447AB4006E5}.Debug|Any CPU.Build.0 = Debug|Any CPU
		{E3CD93F5-0CF0-4C05-8792-D447AB4006E5}.Debug|x64.ActiveCfg = Debug|Any CPU
		{E3CD93F5-0CF0-4C05-8792-D447AB4006E5}.Debug|x64.Build.0 = Debug|Any CPU
		{E3CD93F5-0CF0-4C05-8792-D447AB4006E5}.Debug|x86.ActiveCfg = Debug|Any CPU
		{E3CD93F5-0CF0-4C05-8792-D447AB4006E5}.Debug|x86.Build.0 = Debug|Any CPU
		{E3CD93F5-0CF0-4C05-8792-D447AB4006E5}.Release|Any CPU.ActiveCfg = Release|Any CPU
		{E3CD93F5-0CF0-4C05-8792-D447AB4006E5}.Release|Any CPU.Build.0 = Release|Any CPU
		{E3CD93F5-0CF0-4C05-8792-D447AB4006E5}.Release|x64.ActiveCfg = Release|Any CPU
		{E3CD93F5-0CF0-4C05-8792-D447AB4006E5}.Release|x64.Build.0 = Release|Any CPU
		{E3CD93F5-0CF0-4C05-8792-D447AB4006E5}.Release|x86.ActiveCfg = Release|Any CPU
		{E3CD93F5-0CF0-4C05-8792-D447AB4006E5}.Release|x86.Build.0 = Release|Any CPU
		{ADAB978B-D580-4BAD-AEA0-A0B76A196496}.Debug|Any CPU.ActiveCfg = Debug|Any CPU
		{ADAB978B-D580-4BAD-AEA0-A0B76A196496}.Debug|Any CPU.Build.0 = Debug|Any CPU
		{ADAB978B-D580-4BAD-AEA0-A0B76A196496}.Debug|x64.ActiveCfg = Debug|Any CPU
		{ADAB978B-D580-4BAD-AEA0-A0B76A196496}.Debug|x64.Build.0 = Debug|Any CPU
		{ADAB978B-D580-4BAD-AEA0-A0B76A196496}.Debug|x86.ActiveCfg = Debug|Any CPU
		{ADAB978B-D580-4BAD-AEA0-A0B76A196496}.Debug|x86.Build.0 = Debug|Any CPU
		{ADAB978B-D580-4BAD-AEA0-A0B76A196496}.Release|Any CPU.ActiveCfg = Release|Any CPU
		{ADAB978B-D580-4BAD-AEA0-A0B76A196496}.Release|Any CPU.Build.0 = Release|Any CPU
		{ADAB978B-D580-4BAD-AEA0-A0B76A196496}.Release|x64.ActiveCfg = Release|Any CPU
		{ADAB978B-D580-4BAD-AEA0-A0B76A196496}.Release|x64.Build.0 = Release|Any CPU
		{ADAB978B-D580-4BAD-AEA0-A0B76A196496}.Release|x86.ActiveCfg = Release|Any CPU
		{ADAB978B-D580-4BAD-AEA0-A0B76A196496}.Release|x86.Build.0 = Release|Any CPU
		{7C6A9E2D-6633-427B-8A50-1499FE89158B}.Debug|Any CPU.ActiveCfg = Debug|Any CPU
		{7C6A9E2D-6633-427B-8A50-1499FE89158B}.Debug|Any CPU.Build.0 = Debug|Any CPU
		{7C6A9E2D-6633-427B-8A50-1499FE89158B}.Debug|x64.ActiveCfg = Debug|Any CPU
		{7C6A9E2D-6633-427B-8A50-1499FE89158B}.Debug|x64.Build.0 = Debug|Any CPU
		{7C6A9E2D-6633-427B-8A50-1499FE89158B}.Debug|x86.ActiveCfg = Debug|Any CPU
		{7C6A9E2D-6633-427B-8A50-1499FE89158B}.Debug|x86.Build.0 = Debug|Any CPU
		{7C6A9E2D-6633-427B-8A50-1499FE89158B}.Release|Any CPU.ActiveCfg = Release|Any CPU
		{7C6A9E2D-6633-427B-8A50-1499FE89158B}.Release|Any CPU.Build.0 = Release|Any CPU
		{7C6A9E2D-6633-427B-8A50-1499FE89158B}.Release|x64.ActiveCfg = Release|Any CPU
		{7C6A9E2D-6633-427B-8A50-1499FE89158B}.Release|x64.Build.0 = Release|Any CPU
		{7C6A9E2D-6633-427B-8A50-1499FE89158B}.Release|x86.ActiveCfg = Release|Any CPU
		{7C6A9E2D-6633-427B-8A50-1499FE89158B}.Release|x86.Build.0 = Release|Any CPU
		{D6440931-E09A-4990-8C39-53E47E17FCDC}.Debug|Any CPU.ActiveCfg = Debug|Any CPU
		{D6440931-E09A-4990-8C39-53E47E17FCDC}.Debug|Any CPU.Build.0 = Debug|Any CPU
		{D6440931-E09A-4990-8C39-53E47E17FCDC}.Debug|x64.ActiveCfg = Debug|Any CPU
		{D6440931-E09A-4990-8C39-53E47E17FCDC}.Debug|x64.Build.0 = Debug|Any CPU
		{D6440931-E09A-4990-8C39-53E47E17FCDC}.Debug|x86.ActiveCfg = Debug|Any CPU
		{D6440931-E09A-4990-8C39-53E47E17FCDC}.Debug|x86.Build.0 = Debug|Any CPU
		{D6440931-E09A-4990-8C39-53E47E17FCDC}.Release|Any CPU.ActiveCfg = Release|Any CPU
		{D6440931-E09A-4990-8C39-53E47E17FCDC}.Release|Any CPU.Build.0 = Release|Any CPU
		{D6440931-E09A-4990-8C39-53E47E17FCDC}.Release|x64.ActiveCfg = Release|Any CPU
		{D6440931-E09A-4990-8C39-53E47E17FCDC}.Release|x64.Build.0 = Release|Any CPU
		{D6440931-E09A-4990-8C39-53E47E17FCDC}.Release|x86.ActiveCfg = Release|Any CPU
		{D6440931-E09A-4990-8C39-53E47E17FCDC}.Release|x86.Build.0 = Release|Any CPU
	EndGlobalSection
	GlobalSection(SolutionProperties) = preSolution
		HideSolutionNode = FALSE
	EndGlobalSection
	GlobalSection(NestedProjects) = preSolution
		{7C6A9E2D-6633-427B-8A50-1499FE89158B} = {24925479-2E27-4186-80D5-5C37E1E74C9A}
		{D6440931-E09A-4990-8C39-53E47E17FCDC} = {24925479-2E27-4186-80D5-5C37E1E74C9A}
	EndGlobalSection
	GlobalSection(ExtensibilityGlobals) = postSolution
		SolutionGuid = {EDC9D85C-9DB4-4F11-8FBA-431C47723D0D}
	EndGlobalSection
EndGlobal
