
Microsoft Visual Studio Solution File, Format Version 12.00
# Visual Studio Version 17
VisualStudioVersion = 17.2.32210.308
MinimumVisualStudioVersion = 10.0.40219.1
Project("{9A19103F-16F7-4668-BE54-9A1E7A4F7556}") = "WorkerService", "WorkerService\WorkerService.csproj", "{1F7B425C-81FF-447D-B54E-265638B4A2B0}"
EndProject
Project("{9A19103F-16F7-4668-BE54-9A1E7A4F7556}") = "WebAPi", "WebAPi\WebAPi.csproj", "{059EF93F-807A-43F1-AF0E-14EF5BBBBC4F}"
EndProject
Project("{9A19103F-16F7-4668-BE54-9A1E7A4F7556}") = "SyncfusionBlazorApp1", "SyncfusionBlazorApp1\SyncfusionBlazorApp1.csproj", "{D8928B91-43AB-4877-96A2-AC398D12F3FA}"
EndProject
Project("{9A19103F-16F7-4668-BE54-9A1E7A4F7556}") = "BlazorServer", "BlazorServer\BlazorServer.csproj", "{4E322EBC-777F-4973-8310-4918E5665ADA}"
EndProject
Project("{9A19103F-16F7-4668-BE54-9A1E7A4F7556}") = "SharedLibrary", "SharedLibrary\SharedLibrary.csproj", "{E3CD93F5-0CF0-4C05-8792-D447AB4006E5}"
EndProject
Global
	GlobalSection(SolutionConfigurationPlatforms) = preSolution
		Debug|Any CPU = Debug|Any CPU
		Release|Any CPU = Release|Any CPU
	EndGlobalSection
	GlobalSection(ProjectConfigurationPlatforms) = postSolution
		{1F7B425C-81FF-447D-B54E-265638B4A2B0}.Debug|Any CPU.ActiveCfg = Debug|Any CPU
		{1F7B425C-81FF-447D-B54E-265638B4A2B0}.Debug|Any CPU.Build.0 = Debug|Any CPU
		{1F7B425C-81FF-447D-B54E-265638B4A2B0}.Release|Any CPU.ActiveCfg = Release|Any CPU
		{1F7B425C-81FF-447D-B54E-265638B4A2B0}.Release|Any CPU.Build.0 = Release|Any CPU
		{059EF93F-807A-43F1-AF0E-14EF5BBBBC4F}.Debug|Any CPU.ActiveCfg = Debug|Any CPU
		{059EF93F-807A-43F1-AF0E-14EF5BBBBC4F}.Debug|Any CPU.Build.0 = Debug|Any CPU
		{059EF93F-807A-43F1-AF0E-14EF5BBBBC4F}.Release|Any CPU.ActiveCfg = Release|Any CPU
		{059EF93F-807A-43F1-AF0E-14EF5BBBBC4F}.Release|Any CPU.Build.0 = Release|Any CPU
		{D8928B91-43AB-4877-96A2-AC398D12F3FA}.Debug|Any CPU.ActiveCfg = Debug|Any CPU
		{D8928B91-43AB-4877-96A2-AC398D12F3FA}.Debug|Any CPU.Build.0 = Debug|Any CPU
		{D8928B91-43AB-4877-96A2-AC398D12F3FA}.Release|Any CPU.ActiveCfg = Release|Any CPU
		{D8928B91-43AB-4877-96A2-AC398D12F3FA}.Release|Any CPU.Build.0 = Release|Any CPU
		{4E322EBC-777F-4973-8310-4918E5665ADA}.Debug|Any CPU.ActiveCfg = Debug|Any CPU
		{4E322EBC-777F-4973-8310-4918E5665ADA}.Debug|Any CPU.Build.0 = Debug|Any CPU
		{4E322EBC-777F-4973-8310-4918E5665ADA}.Release|Any CPU.ActiveCfg = Release|Any CPU
		{4E322EBC-777F-4973-8310-4918E5665ADA}.Release|Any CPU.Build.0 = Release|Any CPU
		{E3CD93F5-0CF0-4C05-8792-D447AB4006E5}.Debug|Any CPU.ActiveCfg = Debug|Any CPU
		{E3CD93F5-0CF0-4C05-8792-D447AB4006E5}.Debug|Any CPU.Build.0 = Debug|Any CPU
		{E3CD93F5-0CF0-4C05-8792-D447AB4006E5}.Release|Any CPU.ActiveCfg = Release|Any CPU
		{E3CD93F5-0CF0-4C05-8792-D447AB4006E5}.Release|Any CPU.Build.0 = Release|Any CPU
	EndGlobalSection
	GlobalSection(SolutionProperties) = preSolution
		HideSolutionNode = FALSE
	EndGlobalSection
	GlobalSection(ExtensibilityGlobals) = postSolution
		SolutionGuid = {EDC9D85C-9DB4-4F11-8FBA-431C47723D0D}
	EndGlobalSection
EndGlobal
