
Microsoft Visual Studio Solution File, Format Version 12.00
# Visual Studio Version 17
VisualStudioVersion = 17.2.32210.308
MinimumVisualStudioVersion = 10.0.40219.1
Project("{FAE04EC0-301F-11D3-BF4B-00C04F79EFBC}") = "BlazorServer", "BlazorServer.csproj", "{FAD790BE-D409-4CA8-A88F-AAB96D2DB78E}"
EndProject
Global
	GlobalSection(SolutionConfigurationPlatforms) = preSolution
		Debug|Any CPU = Debug|Any CPU
		Release|Any CPU = Release|Any CPU
	EndGlobalSection
	GlobalSection(ProjectConfigurationPlatforms) = postSolution
		{FAD790BE-D409-4CA8-A88F-AAB96D2DB78E}.Debug|Any CPU.ActiveCfg = Debug|Any CPU
		{FAD790BE-D409-4CA8-A88F-AAB96D2DB78E}.Debug|Any CPU.Build.0 = Debug|Any CPU
		{FAD790BE-D409-4CA8-A88F-AAB96D2DB78E}.Release|Any CPU.ActiveCfg = Release|Any CPU
		{FAD790BE-D409-4CA8-A88F-AAB96D2DB78E}.Release|Any CPU.Build.0 = Release|Any CPU
	EndGlobalSection
	GlobalSection(SolutionProperties) = preSolution
		HideSolutionNode = FALSE
	EndGlobalSection
	GlobalSection(ExtensibilityGlobals) = postSolution
		SolutionGuid = {FC1D3C5D-E5E2-489A-AD9A-EDE609D8F236}
	EndGlobalSection
EndGlobal
